dependencies:
- name: postgresql
  repository: oci://registry-1.docker.io/bitnamicharts
  version: 16.7.27
- name: nats
  repository: https://nats-io.github.io/k8s/helm/charts/
  version: 1.3.16
- name: cert-manager
  repository: https://charts.jetstack.io
  version: v1.20.0
- name: tentacular-mcp
  repository: file://../tentacular-mcp
  version: 0.1.0
digest: sha256:bf9e098cc6309e0786b36d37eba573a1d01e91a2bac41a588fc399f1cb3ca943
generated: "2026-03-13T12:46:49.676034593+02:00"
